
Microsoft Visual Studio Solution File, Format Version 12.00
# Visual Studio 15
VisualStudioVersion = 15.0.27004.2009
MinimumVisualStudioVersion = 10.0.40219.1
Project("{FAE04EC0-301F-11D3-BF4B-00C04F79EFBC}") = "PracticeSpecFlowProj", "PracticeSpecFlowProj\PracticeSpecFlowProj.csproj", "{BF089E80-AADE-47CB-9EF0-3FA5E7605BD0}"
EndProject
Global
	GlobalSection(SolutionConfigurationPlatforms) = preSolution
		Debug|Any CPU = Debug|Any CPU
		Release|Any CPU = Release|Any CPU
	EndGlobalSection
	GlobalSection(ProjectConfigurationPlatforms) = postSolution
		{BF089E80-AADE-47CB-9EF0-3FA5E7605BD0}.Debug|Any CPU.ActiveCfg = Debug|Any CPU
		{BF089E80-AADE-47CB-9EF0-3FA5E7605BD0}.Debug|Any CPU.Build.0 = Debug|Any CPU
		{BF089E80-AADE-47CB-9EF0-3FA5E7605BD0}.Release|Any CPU.ActiveCfg = Release|Any CPU
		{BF089E80-AADE-47CB-9EF0-3FA5E7605BD0}.Release|Any CPU.Build.0 = Release|Any CPU
	EndGlobalSection
	GlobalSection(SolutionProperties) = preSolution
		HideSolutionNode = FALSE
	EndGlobalSection
	GlobalSection(ExtensibilityGlobals) = postSolution
		SolutionGuid = {AE8D95C1-41D5-4212-A11D-ED4C5E0A9A9C}
	EndGlobalSection
EndGlobal
